
Microsoft Visual Studio Solution File, Format Version 12.00
# Visual Studio Version 16
VisualStudioVersion = 16.0.30907.101
MinimumVisualStudioVersion = 10.0.40219.1
Project("{9A19103F-16F7-4668-BE54-9A1E7A4F7556}") = "XCAD", "XCAD\XCAD.csproj", "{97E20D24-A513-4A2A-8B2F-B76B69999FB3}"
EndProject
Project("{2150E333-8FDC-42A3-9474-1A3956D46DE8}") = "CORE", "CORE", "{FA53C478-5895-4FCE-81E3-6BDF65260287}"
EndProject
Project("{2150E333-8FDC-42A3-9474-1A3956D46DE8}") = "OCCT", "OCCT", "{C4175EDD-63CC-4261-8567-7D2B9B66932A}"
EndProject
Project("{2150E333-8FDC-42A3-9474-1A3956D46DE8}") = "MODULE", "MODULE", "{DD0EAFFB-358E-4123-87E6-58EFD485BF2A}"
EndProject
Project("{9A19103F-16F7-4668-BE54-9A1E7A4F7556}") = "XHelper", "XHelper\XHelper.csproj", "{8D190A86-721E-4D38-B23F-4492D1B6B4E8}"
EndProject
Project("{9A19103F-16F7-4668-BE54-9A1E7A4F7556}") = "XModel", "XModel\XModel.csproj", "{0BB78A3E-07DD-4543-9B35-6B7D63D2ECF3}"
EndProject
Project("{2150E333-8FDC-42A3-9474-1A3956D46DE8}") = "DATA", "DATA", "{989E15C0-7800-46DA-BDD4-DD071FF902A5}"
EndProject
Project("{9A19103F-16F7-4668-BE54-9A1E7A4F7556}") = "SQLExtension", "SQLExtension\SQLExtension.csproj", "{F32EAA30-25D3-47B3-91B6-A5D486A2DED9}"
EndProject
Project("{9A19103F-16F7-4668-BE54-9A1E7A4F7556}") = "XConverter", "XConverter\XConverter.csproj", "{E5DEE0B3-25DA-4C11-8145-4BA1D226129C}"
EndProject
Project("{9A19103F-16F7-4668-BE54-9A1E7A4F7556}") = "OCCT.Foundation.Net", "OCCT.Foundation.Net\OCCT.Foundation.Net.csproj", "{28A7B578-0360-4FE4-A573-FC76B135CFE3}"
EndProject
Project("{8BC9CEB8-8B4A-11D0-8D11-00A0C91BC942}") = "OCCT.Foundation.NetHost", "OCCT.Foundation.NetHost\OCCT.Foundation.NetHost.vcxproj", "{FC9B89C2-F6CC-441C-B386-5E90817B0973}"
EndProject
Global
	GlobalSection(SolutionConfigurationPlatforms) = preSolution
		Debug|Any CPU = Debug|Any CPU
		Debug|x64 = Debug|x64
		Debug|x86 = Debug|x86
		Release|Any CPU = Release|Any CPU
		Release|x64 = Release|x64
		Release|x86 = Release|x86
	EndGlobalSection
	GlobalSection(ProjectConfigurationPlatforms) = postSolution
		{97E20D24-A513-4A2A-8B2F-B76B69999FB3}.Debug|Any CPU.ActiveCfg = Debug|Any CPU
		{97E20D24-A513-4A2A-8B2F-B76B69999FB3}.Debug|Any CPU.Build.0 = Debug|Any CPU
		{97E20D24-A513-4A2A-8B2F-B76B69999FB3}.Debug|x64.ActiveCfg = Debug|Any CPU
		{97E20D24-A513-4A2A-8B2F-B76B69999FB3}.Debug|x64.Build.0 = Debug|Any CPU
		{97E20D24-A513-4A2A-8B2F-B76B69999FB3}.Debug|x86.ActiveCfg = Debug|Any CPU
		{97E20D24-A513-4A2A-8B2F-B76B69999FB3}.Debug|x86.Build.0 = Debug|Any CPU
		{97E20D24-A513-4A2A-8B2F-B76B69999FB3}.Release|Any CPU.ActiveCfg = Release|Any CPU
		{97E20D24-A513-4A2A-8B2F-B76B69999FB3}.Release|Any CPU.Build.0 = Release|Any CPU
		{97E20D24-A513-4A2A-8B2F-B76B69999FB3}.Release|x64.ActiveCfg = Release|Any CPU
		{97E20D24-A513-4A2A-8B2F-B76B69999FB3}.Release|x64.Build.0 = Release|Any CPU
		{97E20D24-A513-4A2A-8B2F-B76B69999FB3}.Release|x86.ActiveCfg = Release|Any CPU
		{97E20D24-A513-4A2A-8B2F-B76B69999FB3}.Release|x86.Build.0 = Release|Any CPU
		{8D190A86-721E-4D38-B23F-4492D1B6B4E8}.Debug|Any CPU.ActiveCfg = Debug|Any CPU
		{8D190A86-721E-4D38-B23F-4492D1B6B4E8}.Debug|Any CPU.Build.0 = Debug|Any CPU
		{8D190A86-721E-4D38-B23F-4492D1B6B4E8}.Debug|x64.ActiveCfg = Debug|Any CPU
		{8D190A86-721E-4D38-B23F-4492D1B6B4E8}.Debug|x64.Build.0 = Debug|Any CPU
		{8D190A86-721E-4D38-B23F-4492D1B6B4E8}.Debug|x86.ActiveCfg = Debug|Any CPU
		{8D190A86-721E-4D38-B23F-4492D1B6B4E8}.Debug|x86.Build.0 = Debug|Any CPU
		{8D190A86-721E-4D38-B23F-4492D1B6B4E8}.Release|Any CPU.ActiveCfg = Release|Any CPU
		{8D190A86-721E-4D38-B23F-4492D1B6B4E8}.Release|Any CPU.Build.0 = Release|Any CPU
		{8D190A86-721E-4D38-B23F-4492D1B6B4E8}.Release|x64.ActiveCfg = Release|Any CPU
		{8D190A86-721E-4D38-B23F-4492D1B6B4E8}.Release|x64.Build.0 = Release|Any CPU
		{8D190A86-721E-4D38-B23F-4492D1B6B4E8}.Release|x86.ActiveCfg = Release|Any CPU
		{8D190A86-721E-4D38-B23F-4492D1B6B4E8}.Release|x86.Build.0 = Release|Any CPU
		{0BB78A3E-07DD-4543-9B35-6B7D63D2ECF3}.Debug|Any CPU.ActiveCfg = Debug|Any CPU
		{0BB78A3E-07DD-4543-9B35-6B7D63D2ECF3}.Debug|Any CPU.Build.0 = Debug|Any CPU
		{0BB78A3E-07DD-4543-9B35-6B7D63D2ECF3}.Debug|x64.ActiveCfg = Debug|Any CPU
		{0BB78A3E-07DD-4543-9B35-6B7D63D2ECF3}.Debug|x64.Build.0 = Debug|Any CPU
		{0BB78A3E-07DD-4543-9B35-6B7D63D2ECF3}.Debug|x86.ActiveCfg = Debug|Any CPU
		{0BB78A3E-07DD-4543-9B35-6B7D63D2ECF3}.Debug|x86.Build.0 = Debug|Any CPU
		{0BB78A3E-07DD-4543-9B35-6B7D63D2ECF3}.Release|Any CPU.ActiveCfg = Release|Any CPU
		{0BB78A3E-07DD-4543-9B35-6B7D63D2ECF3}.Release|Any CPU.Build.0 = Release|Any CPU
		{0BB78A3E-07DD-4543-9B35-6B7D63D2ECF3}.Release|x64.ActiveCfg = Release|Any CPU
		{0BB78A3E-07DD-4543-9B35-6B7D63D2ECF3}.Release|x64.Build.0 = Release|Any CPU
		{0BB78A3E-07DD-4543-9B35-6B7D63D2ECF3}.Release|x86.ActiveCfg = Release|Any CPU
		{0BB78A3E-07DD-4543-9B35-6B7D63D2ECF3}.Release|x86.Build.0 = Release|Any CPU
		{F32EAA30-25D3-47B3-91B6-A5D486A2DED9}.Debug|Any CPU.ActiveCfg = Debug|Any CPU
		{F32EAA30-25D3-47B3-91B6-A5D486A2DED9}.Debug|Any CPU.Build.0 = Debug|Any CPU
		{F32EAA30-25D3-47B3-91B6-A5D486A2DED9}.Debug|x64.ActiveCfg = Debug|Any CPU
		{F32EAA30-25D3-47B3-91B6-A5D486A2DED9}.Debug|x64.Build.0 = Debug|Any CPU
		{F32EAA30-25D3-47B3-91B6-A5D486A2DED9}.Debug|x86.ActiveCfg = Debug|Any CPU
		{F32EAA30-25D3-47B3-91B6-A5D486A2DED9}.Debug|x86.Build.0 = Debug|Any CPU
		{F32EAA30-25D3-47B3-91B6-A5D486A2DED9}.Release|Any CPU.ActiveCfg = Release|Any CPU
		{F32EAA30-25D3-47B3-91B6-A5D486A2DED9}.Release|Any CPU.Build.0 = Release|Any CPU
		{F32EAA30-25D3-47B3-91B6-A5D486A2DED9}.Release|x64.ActiveCfg = Release|Any CPU
		{F32EAA30-25D3-47B3-91B6-A5D486A2DED9}.Release|x64.Build.0 = Release|Any CPU
		{F32EAA30-25D3-47B3-91B6-A5D486A2DED9}.Release|x86.ActiveCfg = Release|Any CPU
		{F32EAA30-25D3-47B3-91B6-A5D486A2DED9}.Release|x86.Build.0 = Release|Any CPU
		{E5DEE0B3-25DA-4C11-8145-4BA1D226129C}.Debug|Any CPU.ActiveCfg = Debug|Any CPU
		{E5DEE0B3-25DA-4C11-8145-4BA1D226129C}.Debug|Any CPU.Build.0 = Debug|Any CPU
		{E5DEE0B3-25DA-4C11-8145-4BA1D226129C}.Debug|x64.ActiveCfg = Debug|Any CPU
		{E5DEE0B3-25DA-4C11-8145-4BA1D226129C}.Debug|x64.Build.0 = Debug|Any CPU
		{E5DEE0B3-25DA-4C11-8145-4BA1D226129C}.Debug|x86.ActiveCfg = Debug|Any CPU
		{E5DEE0B3-25DA-4C11-8145-4BA1D226129C}.Debug|x86.Build.0 = Debug|Any CPU
		{E5DEE0B3-25DA-4C11-8145-4BA1D226129C}.Release|Any CPU.ActiveCfg = Release|Any CPU
		{E5DEE0B3-25DA-4C11-8145-4BA1D226129C}.Release|Any CPU.Build.0 = Release|Any CPU
		{E5DEE0B3-25DA-4C11-8145-4BA1D226129C}.Release|x64.ActiveCfg = Release|Any CPU
		{E5DEE0B3-25DA-4C11-8145-4BA1D226129C}.Release|x64.Build.0 = Release|Any CPU
		{E5DEE0B3-25DA-4C11-8145-4BA1D226129C}.Release|x86.ActiveCfg = Release|Any CPU
		{E5DEE0B3-25DA-4C11-8145-4BA1D226129C}.Release|x86.Build.0 = Release|Any CPU
		{28A7B578-0360-4FE4-A573-FC76B135CFE3}.Debug|Any CPU.ActiveCfg = Debug|Any CPU
		{28A7B578-0360-4FE4-A573-FC76B135CFE3}.Debug|Any CPU.Build.0 = Debug|Any CPU
		{28A7B578-0360-4FE4-A573-FC76B135CFE3}.Debug|x64.ActiveCfg = Debug|Any CPU
		{28A7B578-0360-4FE4-A573-FC76B135CFE3}.Debug|x64.Build.0 = Debug|Any CPU
		{28A7B578-0360-4FE4-A573-FC76B135CFE3}.Debug|x86.ActiveCfg = Debug|Any CPU
		{28A7B578-0360-4FE4-A573-FC76B135CFE3}.Debug|x86.Build.0 = Debug|Any CPU
		{28A7B578-0360-4FE4-A573-FC76B135CFE3}.Release|Any CPU.ActiveCfg = Release|Any CPU
		{28A7B578-0360-4FE4-A573-FC76B135CFE3}.Release|Any CPU.Build.0 = Release|Any CPU
		{28A7B578-0360-4FE4-A573-FC76B135CFE3}.Release|x64.ActiveCfg = Release|Any CPU
		{28A7B578-0360-4FE4-A573-FC76B135CFE3}.Release|x64.Build.0 = Release|Any CPU
		{28A7B578-0360-4FE4-A573-FC76B135CFE3}.Release|x86.ActiveCfg = Release|Any CPU
		{28A7B578-0360-4FE4-A573-FC76B135CFE3}.Release|x86.Build.0 = Release|Any CPU
		{FC9B89C2-F6CC-441C-B386-5E90817B0973}.Debug|Any CPU.ActiveCfg = Debug|x64
		{FC9B89C2-F6CC-441C-B386-5E90817B0973}.Debug|x64.ActiveCfg = Debug|x64
		{FC9B89C2-F6CC-441C-B386-5E90817B0973}.Debug|x64.Build.0 = Debug|x64
		{FC9B89C2-F6CC-441C-B386-5E90817B0973}.Debug|x86.ActiveCfg = Debug|Win32
		{FC9B89C2-F6CC-441C-B386-5E90817B0973}.Debug|x86.Build.0 = Debug|Win32
		{FC9B89C2-F6CC-441C-B386-5E90817B0973}.Release|Any CPU.ActiveCfg = Release|Win32
		{FC9B89C2-F6CC-441C-B386-5E90817B0973}.Release|x64.ActiveCfg = Release|x64
		{FC9B89C2-F6CC-441C-B386-5E90817B0973}.Release|x64.Build.0 = Release|x64
		{FC9B89C2-F6CC-441C-B386-5E90817B0973}.Release|x86.ActiveCfg = Release|Win32
		{FC9B89C2-F6CC-441C-B386-5E90817B0973}.Release|x86.Build.0 = Release|Win32
	EndGlobalSection
	GlobalSection(SolutionProperties) = preSolution
		HideSolutionNode = FALSE
	EndGlobalSection
	GlobalSection(NestedProjects) = preSolution
		{8D190A86-721E-4D38-B23F-4492D1B6B4E8} = {FA53C478-5895-4FCE-81E3-6BDF65260287}
		{0BB78A3E-07DD-4543-9B35-6B7D63D2ECF3} = {FA53C478-5895-4FCE-81E3-6BDF65260287}
		{F32EAA30-25D3-47B3-91B6-A5D486A2DED9} = {989E15C0-7800-46DA-BDD4-DD071FF902A5}
		{E5DEE0B3-25DA-4C11-8145-4BA1D226129C} = {FA53C478-5895-4FCE-81E3-6BDF65260287}
		{28A7B578-0360-4FE4-A573-FC76B135CFE3} = {C4175EDD-63CC-4261-8567-7D2B9B66932A}
		{FC9B89C2-F6CC-441C-B386-5E90817B0973} = {C4175EDD-63CC-4261-8567-7D2B9B66932A}
	EndGlobalSection
	GlobalSection(ExtensibilityGlobals) = postSolution
		SolutionGuid = {0F056FAF-77D2-48C5-857E-6C4745312EE3}
	EndGlobalSection
EndGlobal
